
Microsoft Visual Studio Solution File, Format Version 12.00
# Visual Studio Version 17
VisualStudioVersion = 17.14.37314.3 d17.14
MinimumVisualStudioVersion = 10.0.40219.1
Project("{FAE04EC0-301F-11D3-BF4B-00C04F79EFBC}") = "GelirGiderPanel", "GelirGiderPanel.csproj", "{069CB6D2-D5C4-4260-2C27-B9AC546BD5DE}"
EndProject
Global
	GlobalSection(SolutionConfigurationPlatforms) = preSolution
		Debug|Any CPU = Debug|Any CPU
		Release|Any CPU = Release|Any CPU
	EndGlobalSection
	GlobalSection(ProjectConfigurationPlatforms) = postSolution
		{069CB6D2-D5C4-4260-2C27-B9AC546BD5DE}.Debug|Any CPU.ActiveCfg = Debug|Any CPU
		{069CB6D2-D5C4-4260-2C27-B9AC546BD5DE}.Debug|Any CPU.Build.0 = Debug|Any CPU
		{069CB6D2-D5C4-4260-2C27-B9AC546BD5DE}.Release|Any CPU.ActiveCfg = Release|Any CPU
		{069CB6D2-D5C4-4260-2C27-B9AC546BD5DE}.Release|Any CPU.Build.0 = Release|Any CPU
	EndGlobalSection
	GlobalSection(SolutionProperties) = preSolution
		HideSolutionNode = FALSE
	EndGlobalSection
	GlobalSection(ExtensibilityGlobals) = postSolution
		SolutionGuid = {B8DFB8F0-EFD8-4063-8064-3364A9077F87}
	EndGlobalSection
EndGlobal
